// !$*UTF8*$!
{
	archiveVersion = 1;
	classes = {
	};
	objectVersion = 52;
	objects = {

/* Begin PBXBuildFile section */
		37145F2B2623CE460011C6C1 /* Configuration.swift in Sources */ = {isa = PBXBuildFile; fileRef = 37145F2A2623CE460011C6C1 /* Configuration.swift */; };
		3716947727C5376D0002BD64 /* Browser.swift in Sources */ = {isa = PBXBuildFile; fileRef = 3716947627C5376D0002BD64 /* Browser.swift */; };
		3716947A27C539790002BD64 /* Navigate.swift in Sources */ = {isa = PBXBuildFile; fileRef = 3716947927C539790002BD64 /* Navigate.swift */; };
		3716947C27C67E890002BD64 /* URL.swift in Sources */ = {isa = PBXBuildFile; fileRef = 3716947B27C67E890002BD64 /* URL.swift */; };
		3724EFCD27A6F8930094574E /* Search.swift in Sources */ = {isa = PBXBuildFile; fileRef = 3724EFCC27A6F8930094574E /* Search.swift */; };
		3724EFCF27A82F360094574E /* AddPhotoControllers.swift in Sources */ = {isa = PBXBuildFile; fileRef = 3724EFCE27A82F360094574E /* AddPhotoControllers.swift */; };
		3724EFD927A8BDDE0094574E /* AddManualControllers.swift in Sources */ = {isa = PBXBuildFile; fileRef = 3724EFD827A8BDDE0094574E /* AddManualControllers.swift */; };
		3724EFEC27ACD0990094574E /* SimpleController.swift in Sources */ = {isa = PBXBuildFile; fileRef = 3724EFEB27ACD0990094574E /* SimpleController.swift */; };
		3724EFEE27ACD5A90094574E /* TableCells.swift in Sources */ = {isa = PBXBuildFile; fileRef = 3724EFED27ACD5A90094574E /* TableCells.swift */; };
		3724EFF027ACD63F0094574E /* CollectionCells.swift in Sources */ = {isa = PBXBuildFile; fileRef = 3724EFEF27ACD63F0094574E /* CollectionCells.swift */; };
		3724EFFA27ACD7CE0094574E /* ViewController.swift in Sources */ = {isa = PBXBuildFile; fileRef = 3724EFF927ACD7CE0094574E /* ViewController.swift */; };
		3728B0982633AA240055D2E1 /* GoogleMobileAds.xcframework in Frameworks */ = {isa = PBXBuildFile; fileRef = 3728B0972633AA240055D2E1 /* GoogleMobileAds.xcframework */; };
		3728B0A42633B40D0055D2E1 /* BannerController.swift in Sources */ = {isa = PBXBuildFile; fileRef = 3728B0A32633B40D0055D2E1 /* BannerController.swift */; };
		3728B0CD2635BCF00055D2E1 /* AddItems.storyboard in Resources */ = {isa = PBXBuildFile; fileRef = 3728B0CC2635BCF00055D2E1 /* AddItems.storyboard */; };
		372C0DBF265EDCD200DFB791 /* Button.swift in Sources */ = {isa = PBXBuildFile; fileRef = 372C0DBE265EDCD200DFB791 /* Button.swift */; };
		372C0DC3265EE30E00DFB791 /* Toolbar.swift in Sources */ = {isa = PBXBuildFile; fileRef = 372C0DC2265EE30E00DFB791 /* Toolbar.swift */; };
		372DDC40262B435400CA83A8 /* Keyboard.swift in Sources */ = {isa = PBXBuildFile; fileRef = 372DDC3F262B435400CA83A8 /* Keyboard.swift */; };
		376095C0262125C10015B6F0 /* AppDelegate.swift in Sources */ = {isa = PBXBuildFile; fileRef = 376095BF262125C10015B6F0 /* AppDelegate.swift */; };
		376095C2262125C10015B6F0 /* SceneDelegate.swift in Sources */ = {isa = PBXBuildFile; fileRef = 376095C1262125C10015B6F0 /* SceneDelegate.swift */; };
		376095C7262125C10015B6F0 /* Main.storyboard in Resources */ = {isa = PBXBuildFile; fileRef = 376095C5262125C10015B6F0 /* Main.storyboard */; };
		376095C9262125C10015B6F0 /* Assets.xcassets in Resources */ = {isa = PBXBuildFile; fileRef = 376095C8262125C10015B6F0 /* Assets.xcassets */; };
		376095D926212FBB0015B6F0 /* GroceryController.swift in Sources */ = {isa = PBXBuildFile; fileRef = 376095D826212FBB0015B6F0 /* GroceryController.swift */; };
		3774A5A12623EE430029E35D /* LaunchScreen.storyboard in Resources */ = {isa = PBXBuildFile; fileRef = 3774A59F2623EE430029E35D /* LaunchScreen.storyboard */; };
		3774A5A82624769F0029E35D /* User.swift in Sources */ = {isa = PBXBuildFile; fileRef = 3774A5A72624769F0029E35D /* User.swift */; };
		3774A5C92624B3E90029E35D /* AddLinkController.swift in Sources */ = {isa = PBXBuildFile; fileRef = 3774A5C82624B3E90029E35D /* AddLinkController.swift */; };
		378EBD5126214A41008FF6C4 /* Types.swift in Sources */ = {isa = PBXBuildFile; fileRef = 378EBD5026214A41008FF6C4 /* Types.swift */; };
		378EBD5726214DFE008FF6C4 /* GroceryListController.swift in Sources */ = {isa = PBXBuildFile; fileRef = 378EBD5626214DFE008FF6C4 /* GroceryListController.swift */; };
		379D479826264D47003DD2C6 /* RecipeController.swift in Sources */ = {isa = PBXBuildFile; fileRef = 379D479726264D47003DD2C6 /* RecipeController.swift */; };
		379D479B26264D6E003DD2C6 /* RecipeListController.swift in Sources */ = {isa = PBXBuildFile; fileRef = 379D479A26264D6E003DD2C6 /* RecipeListController.swift */; };
		37AEE6382623D5710052304F /* Api.swift in Sources */ = {isa = PBXBuildFile; fileRef = 37AEE6372623D5710052304F /* Api.swift */; };
		37B979A32693DB0D002B677F /* RecipeDetailController.swift in Sources */ = {isa = PBXBuildFile; fileRef = 37B979A22693DB0D002B677F /* RecipeDetailController.swift */; };
		37B979AB269BB3C6002B677F /* RecipeDetailListController.swift in Sources */ = {isa = PBXBuildFile; fileRef = 37B979AA269BB3C6002B677F /* RecipeDetailListController.swift */; };
		37B979E426EC204B002B677F /* Model.xcdatamodeld in Sources */ = {isa = PBXBuildFile; fileRef = 37B979E226EC204B002B677F /* Model.xcdatamodeld */; };
		37B979E726EC2057002B677F /* DataAccess.swift in Sources */ = {isa = PBXBuildFile; fileRef = 37B979E626EC2057002B677F /* DataAccess.swift */; };
		37B979EA26EC41D3002B677F /* CloudKit.framework in Frameworks */ = {isa = PBXBuildFile; fileRef = 37B979E926EC41D3002B677F /* CloudKit.framework */; };
		37B979EC26ED0B66002B677F /* Database.swift in Sources */ = {isa = PBXBuildFile; fileRef = 37B979EB26ED0B66002B677F /* Database.swift */; };
		37B979F526EEB9FC002B677F /* String.swift in Sources */ = {isa = PBXBuildFile; fileRef = 37B979F426EEB9FC002B677F /* String.swift */; };
		37E1033A2794F6D80064C193 /* AddControllers.swift in Sources */ = {isa = PBXBuildFile; fileRef = 37E103392794F6D80064C193 /* AddControllers.swift */; };
		37E10343279AF6CA0064C193 /* Preferences.swift in Sources */ = {isa = PBXBuildFile; fileRef = 37E10342279AF6CA0064C193 /* Preferences.swift */; };
		37E1034B279EE8FE0064C193 /* IngredientChangeController.swift in Sources */ = {isa = PBXBuildFile; fileRef = 37E1034A279EE8FE0064C193 /* IngredientChangeController.swift */; };
		37E1034D279EEE9D0064C193 /* GroceryChangeController.swift in Sources */ = {isa = PBXBuildFile; fileRef = 37E1034C279EEE9D0064C193 /* GroceryChangeController.swift */; };
		37E1DC1D2631B7C000330C5B /* UserDefaults.swift in Sources */ = {isa = PBXBuildFile; fileRef = 37E1DC1C2631B7C000330C5B /* UserDefaults.swift */; };
		37E55B4D26F2CD2D00207FFE /* StoreKit.framework in Frameworks */ = {isa = PBXBuildFile; fileRef = 37E55B4C26F2CD2D00207FFE /* StoreKit.framework */; };
		37E55B5026F2CD7E00207FFE /* Purchases.plist in Resources */ = {isa = PBXBuildFile; fileRef = 37E55B4F26F2CD7E00207FFE /* Purchases.plist */; };
		37E55B5226F2CDB700207FFE /* Purchases.swift in Sources */ = {isa = PBXBuildFile; fileRef = 37E55B5126F2CDB700207FFE /* Purchases.swift */; };
		37E861E927D58ECA0048B874 /* RecipeFilterController.swift in Sources */ = {isa = PBXBuildFile; fileRef = 37E861E827D58EC90048B874 /* RecipeFilterController.swift */; };
		37E861EB27D645F60048B874 /* RecipeDetailTagController.swift in Sources */ = {isa = PBXBuildFile; fileRef = 37E861EA27D645F50048B874 /* RecipeDetailTagController.swift */; };
		37FE86EF2648CC7200E0B85F /* InfoControllers.swift in Sources */ = {isa = PBXBuildFile; fileRef = 37FE86EE2648CC7200E0B85F /* InfoControllers.swift */; };
		A5AA8FF560BE489F2712D24F /* Pods_mo_nomz.framework in Frameworks */ = {isa = PBXBuildFile; fileRef = 3D8E6C91D35B99778B838A8A /* Pods_mo_nomz.framework */; };
/* End PBXBuildFile section */

/* Begin PBXCopyFilesBuildPhase section */
		37E1DBDD262FA1CE00330C5B /* Embed App Extensions */ = {
			isa = PBXCopyFilesBuildPhase;
			buildActionMask = 2147483647;
			dstPath = "";
			dstSubfolderSpec = 13;
			files = (
			);
			name = "Embed App Extensions";
			runOnlyForDeploymentPostprocessing = 0;
		};
/* End PBXCopyFilesBuildPhase section */

/* Begin PBXFileReference section */
		370F287626228726008C3AC0 /* mo-nomz.app */ = {isa = PBXFileReference; explicitFileType = wrapper.application; includeInIndex = 0; path = "mo-nomz.app"; sourceTree = BUILT_PRODUCTS_DIR; };
		37145F2A2623CE460011C6C1 /* Configuration.swift */ = {isa = PBXFileReference; lastKnownFileType = sourcecode.swift; path = Configuration.swift; sourceTree = "<group>"; };
		3716947627C5376D0002BD64 /* Browser.swift */ = {isa = PBXFileReference; lastKnownFileType = sourcecode.swift; path = Browser.swift; sourceTree = "<group>"; };
		3716947927C539790002BD64 /* Navigate.swift */ = {isa = PBXFileReference; lastKnownFileType = sourcecode.swift; path = Navigate.swift; sourceTree = "<group>"; };
		3716947B27C67E890002BD64 /* URL.swift */ = {isa = PBXFileReference; lastKnownFileType = sourcecode.swift; path = URL.swift; sourceTree = "<group>"; };
		3724EFCC27A6F8930094574E /* Search.swift */ = {isa = PBXFileReference; lastKnownFileType = sourcecode.swift; path = Search.swift; sourceTree = "<group>"; };
		3724EFCE27A82F360094574E /* AddPhotoControllers.swift */ = {isa = PBXFileReference; lastKnownFileType = sourcecode.swift; path = AddPhotoControllers.swift; sourceTree = "<group>"; };
		3724EFD827A8BDDE0094574E /* AddManualControllers.swift */ = {isa = PBXFileReference; lastKnownFileType = sourcecode.swift; path = AddManualControllers.swift; sourceTree = "<group>"; };
		3724EFEB27ACD0990094574E /* SimpleController.swift */ = {isa = PBXFileReference; lastKnownFileType = sourcecode.swift; path = SimpleController.swift; sourceTree = "<group>"; };
		3724EFED27ACD5A90094574E /* TableCells.swift */ = {isa = PBXFileReference; lastKnownFileType = sourcecode.swift; path = TableCells.swift; sourceTree = "<group>"; };
		3724EFEF27ACD63F0094574E /* CollectionCells.swift */ = {isa = PBXFileReference; lastKnownFileType = sourcecode.swift; path = CollectionCells.swift; sourceTree = "<group>"; };
		3724EFF927ACD7CE0094574E /* ViewController.swift */ = {isa = PBXFileReference; lastKnownFileType = sourcecode.swift; path = ViewController.swift; sourceTree = "<group>"; };
		3728B0972633AA240055D2E1 /* GoogleMobileAds.xcframework */ = {isa = PBXFileReference; lastKnownFileType = wrapper.xcframework; name = GoogleMobileAds.xcframework; path = "Pods/Google-Mobile-Ads-SDK/Frameworks/GoogleMobileAdsFramework-Current/GoogleMobileAds.xcframework"; sourceTree = "<group>"; };
		3728B0A32633B40D0055D2E1 /* BannerController.swift */ = {isa = PBXFileReference; lastKnownFileType = sourcecode.swift; path = BannerController.swift; sourceTree = "<group>"; };
		3728B0CC2635BCF00055D2E1 /* AddItems.storyboard */ = {isa = PBXFileReference; lastKnownFileType = file.storyboard; path = AddItems.storyboard; sourceTree = "<group>"; };
		372C0DBE265EDCD200DFB791 /* Button.swift */ = {isa = PBXFileReference; lastKnownFileType = sourcecode.swift; path = Button.swift; sourceTree = "<group>"; };
		372C0DC2265EE30E00DFB791 /* Toolbar.swift */ = {isa = PBXFileReference; lastKnownFileType = sourcecode.swift; path = Toolbar.swift; sourceTree = "<group>"; };
		372DDC3F262B435400CA83A8 /* Keyboard.swift */ = {isa = PBXFileReference; lastKnownFileType = sourcecode.swift; path = Keyboard.swift; sourceTree = "<group>"; };
		376095BF262125C10015B6F0 /* AppDelegate.swift */ = {isa = PBXFileReference; lastKnownFileType = sourcecode.swift; path = AppDelegate.swift; sourceTree = "<group>"; };
		376095C1262125C10015B6F0 /* SceneDelegate.swift */ = {isa = PBXFileReference; lastKnownFileType = sourcecode.swift; path = SceneDelegate.swift; sourceTree = "<group>"; };
		376095C6262125C10015B6F0 /* Base */ = {isa = PBXFileReference; lastKnownFileType = file.storyboard; name = Base; path = Base.lproj/Main.storyboard; sourceTree = "<group>"; };
		376095C8262125C10015B6F0 /* Assets.xcassets */ = {isa = PBXFileReference; lastKnownFileType = folder.assetcatalog; path = Assets.xcassets; sourceTree = "<group>"; };
		376095CD262125C10015B6F0 /* Info.plist */ = {isa = PBXFileReference; lastKnownFileType = text.plist.xml; path = Info.plist; sourceTree = "<group>"; };
		376095D826212FBB0015B6F0 /* GroceryController.swift */ = {isa = PBXFileReference; lastKnownFileType = sourcecode.swift; path = GroceryController.swift; sourceTree = "<group>"; };
		3774A5A02623EE430029E35D /* Base */ = {isa = PBXFileReference; lastKnownFileType = file.storyboard; name = Base; path = Base.lproj/LaunchScreen.storyboard; sourceTree = "<group>"; };
		3774A5A72624769F0029E35D /* User.swift */ = {isa = PBXFileReference; lastKnownFileType = sourcecode.swift; path = User.swift; sourceTree = "<group>"; };
		3774A5C82624B3E90029E35D /* AddLinkController.swift */ = {isa = PBXFileReference; lastKnownFileType = sourcecode.swift; path = AddLinkController.swift; sourceTree = "<group>"; };
		378EBD5026214A41008FF6C4 /* Types.swift */ = {isa = PBXFileReference; lastKnownFileType = sourcecode.swift; path = Types.swift; sourceTree = "<group>"; };
		378EBD5626214DFE008FF6C4 /* GroceryListController.swift */ = {isa = PBXFileReference; lastKnownFileType = sourcecode.swift; path = GroceryListController.swift; sourceTree = "<group>"; };
		379D479726264D47003DD2C6 /* RecipeController.swift */ = {isa = PBXFileReference; lastKnownFileType = sourcecode.swift; path = RecipeController.swift; sourceTree = "<group>"; };
		379D479A26264D6E003DD2C6 /* RecipeListController.swift */ = {isa = PBXFileReference; lastKnownFileType = sourcecode.swift; path = RecipeListController.swift; sourceTree = "<group>"; };
		37AEE6372623D5710052304F /* Api.swift */ = {isa = PBXFileReference; lastKnownFileType = sourcecode.swift; path = Api.swift; sourceTree = "<group>"; };
		37B979A22693DB0D002B677F /* RecipeDetailController.swift */ = {isa = PBXFileReference; lastKnownFileType = sourcecode.swift; path = RecipeDetailController.swift; sourceTree = "<group>"; };
		37B979AA269BB3C6002B677F /* RecipeDetailListController.swift */ = {isa = PBXFileReference; lastKnownFileType = sourcecode.swift; path = RecipeDetailListController.swift; sourceTree = "<group>"; };
		37B979E326EC204B002B677F /* Model.xcdatamodel */ = {isa = PBXFileReference; lastKnownFileType = wrapper.xcdatamodel; path = Model.xcdatamodel; sourceTree = "<group>"; };
		37B979E626EC2057002B677F /* DataAccess.swift */ = {isa = PBXFileReference; fileEncoding = 4; lastKnownFileType = sourcecode.swift; path = DataAccess.swift; sourceTree = "<group>"; };
		37B979E926EC41D3002B677F /* CloudKit.framework */ = {isa = PBXFileReference; lastKnownFileType = wrapper.framework; name = CloudKit.framework; path = System/Library/Frameworks/CloudKit.framework; sourceTree = SDKROOT; };
		37B979EB26ED0B66002B677F /* Database.swift */ = {isa = PBXFileReference; lastKnownFileType = sourcecode.swift; path = Database.swift; sourceTree = "<group>"; };
		37B979F426EEB9FC002B677F /* String.swift */ = {isa = PBXFileReference; lastKnownFileType = sourcecode.swift; path = String.swift; sourceTree = "<group>"; };
		37E103392794F6D80064C193 /* AddControllers.swift */ = {isa = PBXFileReference; lastKnownFileType = sourcecode.swift; path = AddControllers.swift; sourceTree = "<group>"; };
		37E10342279AF6CA0064C193 /* Preferences.swift */ = {isa = PBXFileReference; lastKnownFileType = sourcecode.swift; path = Preferences.swift; sourceTree = "<group>"; };
		37E1034A279EE8FE0064C193 /* IngredientChangeController.swift */ = {isa = PBXFileReference; lastKnownFileType = sourcecode.swift; path = IngredientChangeController.swift; sourceTree = "<group>"; };
		37E1034C279EEE9D0064C193 /* GroceryChangeController.swift */ = {isa = PBXFileReference; lastKnownFileType = sourcecode.swift; path = GroceryChangeController.swift; sourceTree = "<group>"; };
		37E1DC022631B00300330C5B /* mo-nomzDebug.entitlements */ = {isa = PBXFileReference; lastKnownFileType = text.plist.entitlements; path = "mo-nomzDebug.entitlements"; sourceTree = "<group>"; };
		37E1DC1C2631B7C000330C5B /* UserDefaults.swift */ = {isa = PBXFileReference; lastKnownFileType = sourcecode.swift; path = UserDefaults.swift; sourceTree = "<group>"; };
		37E55B4C26F2CD2D00207FFE /* StoreKit.framework */ = {isa = PBXFileReference; lastKnownFileType = wrapper.framework; name = StoreKit.framework; path = System/Library/Frameworks/StoreKit.framework; sourceTree = SDKROOT; };
		37E55B4F26F2CD7E00207FFE /* Purchases.plist */ = {isa = PBXFileReference; lastKnownFileType = text.plist.xml; path = Purchases.plist; sourceTree = "<group>"; };
		37E55B5126F2CDB700207FFE /* Purchases.swift */ = {isa = PBXFileReference; lastKnownFileType = sourcecode.swift; path = Purchases.swift; sourceTree = "<group>"; };
		37E861E827D58EC90048B874 /* RecipeFilterController.swift */ = {isa = PBXFileReference; lastKnownFileType = sourcecode.swift; path = RecipeFilterController.swift; sourceTree = "<group>"; };
		37E861EA27D645F50048B874 /* RecipeDetailTagController.swift */ = {isa = PBXFileReference; lastKnownFileType = sourcecode.swift; path = RecipeDetailTagController.swift; sourceTree = "<group>"; };
		37EAACF726339C14006D9184 /* mo-nomzRelease.entitlements */ = {isa = PBXFileReference; lastKnownFileType = text.plist.entitlements; path = "mo-nomzRelease.entitlements"; sourceTree = "<group>"; };
		37FE86EE2648CC7200E0B85F /* InfoControllers.swift */ = {isa = PBXFileReference; lastKnownFileType = sourcecode.swift; path = InfoControllers.swift; sourceTree = "<group>"; };
		3D8E6C91D35B99778B838A8A /* Pods_mo_nomz.framework */ = {isa = PBXFileReference; explicitFileType = wrapper.framework; includeInIndex = 0; path = Pods_mo_nomz.framework; sourceTree = BUILT_PRODUCTS_DIR; };
		8B42BB1752081B70021712E4 /* Pods-mo-nomz.debug.xcconfig */ = {isa = PBXFileReference; includeInIndex = 1; lastKnownFileType = text.xcconfig; name = "Pods-mo-nomz.debug.xcconfig"; path = "Target Support Files/Pods-mo-nomz/Pods-mo-nomz.debug.xcconfig"; sourceTree = "<group>"; };
		9EA20680D1BFF2CC6FA28660 /* Pods-mo-nomz.release.xcconfig */ = {isa = PBXFileReference; includeInIndex = 1; lastKnownFileType = text.xcconfig; name = "Pods-mo-nomz.release.xcconfig"; path = "Target Support Files/Pods-mo-nomz/Pods-mo-nomz.release.xcconfig"; sourceTree = "<group>"; };
/* End PBXFileReference section */

/* Begin PBXFrameworksBuildPhase section */
		376095B9262125C00015B6F0 /* Frameworks */ = {
			isa = PBXFrameworksBuildPhase;
			buildActionMask = 2147483647;
			files = (
				37B979EA26EC41D3002B677F /* CloudKit.framework in Frameworks */,
				3728B0982633AA240055D2E1 /* GoogleMobileAds.xcframework in Frameworks */,
				A5AA8FF560BE489F2712D24F /* Pods_mo_nomz.framework in Frameworks */,
				37E55B4D26F2CD2D00207FFE /* StoreKit.framework in Frameworks */,
			);
			runOnlyForDeploymentPostprocessing = 0;
		};
/* End PBXFrameworksBuildPhase section */

/* Begin PBXGroup section */
		0D94C1FEF40CBF9C34398739 /* Pods */ = {
			isa = PBXGroup;
			children = (
				8B42BB1752081B70021712E4 /* Pods-mo-nomz.debug.xcconfig */,
				9EA20680D1BFF2CC6FA28660 /* Pods-mo-nomz.release.xcconfig */,
			);
			path = Pods;
			sourceTree = "<group>";
		};
		3724EFDE27A972530094574E /* Cells */ = {
			isa = PBXGroup;
			children = (
				3724EFED27ACD5A90094574E /* TableCells.swift */,
				3724EFEF27ACD63F0094574E /* CollectionCells.swift */,
			);
			path = Cells;
			sourceTree = "<group>";
		};
		3724EFF327ACD69E0094574E /* Controllers */ = {
			isa = PBXGroup;
			children = (
				3728B0A32633B40D0055D2E1 /* BannerController.swift */,
				3724EFEB27ACD0990094574E /* SimpleController.swift */,
			);
			path = Controllers;
			sourceTree = "<group>";
		};
		3724EFF627ACD6F30094574E /* Extensions */ = {
			isa = PBXGroup;
			children = (
				372C0DBE265EDCD200DFB791 /* Button.swift */,
				372DDC3F262B435400CA83A8 /* Keyboard.swift */,
				3724EFCC27A6F8930094574E /* Search.swift */,
				37B979F426EEB9FC002B677F /* String.swift */,
				37E1DC1C2631B7C000330C5B /* UserDefaults.swift */,
				3724EFF927ACD7CE0094574E /* ViewController.swift */,
				3716947B27C67E890002BD64 /* URL.swift */,
			);
			path = Extensions;
			sourceTree = "<group>";
		};
		376095B3262125C00015B6F0 = {
			isa = PBXGroup;
			children = (
				376095BE262125C00015B6F0 /* mo-nomz */,
				370F287626228726008C3AC0 /* mo-nomz.app */,
				0D94C1FEF40CBF9C34398739 /* Pods */,
				B9254777712D7CB58EFA53E5 /* Frameworks */,
			);
			sourceTree = "<group>";
		};
		376095BE262125C00015B6F0 /* mo-nomz */ = {
			isa = PBXGroup;
			children = (
				37EAACF726339C14006D9184 /* mo-nomzRelease.entitlements */,
				37E1DC022631B00300330C5B /* mo-nomzDebug.entitlements */,
				37E1033F2799CB7F0064C193 /* Add */,
				37B979B326C36B96002B677F /* Recipe */,
				379D479526264B05003DD2C6 /* Recipes */,
				377444F02624DF3600159097 /* Groceries */,
				3774A5D02624B53E0029E35D /* Users */,
				3774A5CF2624B5260029E35D /* Common */,
				3774A59F2623EE430029E35D /* LaunchScreen.storyboard */,
				3728B0CC2635BCF00055D2E1 /* AddItems.storyboard */,
				376095C5262125C10015B6F0 /* Main.storyboard */,
				376095BF262125C10015B6F0 /* AppDelegate.swift */,
				376095C1262125C10015B6F0 /* SceneDelegate.swift */,
				376095C8262125C10015B6F0 /* Assets.xcassets */,
				376095CD262125C10015B6F0 /* Info.plist */,
			);
			path = "mo-nomz";
			sourceTree = "<group>";
		};
		377444F02624DF3600159097 /* Groceries */ = {
			isa = PBXGroup;
			children = (
				37E1034C279EEE9D0064C193 /* GroceryChangeController.swift */,
				376095D826212FBB0015B6F0 /* GroceryController.swift */,
				378EBD5626214DFE008FF6C4 /* GroceryListController.swift */,
			);
			path = Groceries;
			sourceTree = "<group>";
		};
		3774A5CF2624B5260029E35D /* Common */ = {
			isa = PBXGroup;
			children = (
				3724EFDE27A972530094574E /* Cells */,
				3724EFF327ACD69E0094574E /* Controllers */,
				3724EFF627ACD6F30094574E /* Extensions */,
				37B979E226EC204B002B677F /* Model.xcdatamodeld */,
				37AEE6372623D5710052304F /* Api.swift */,
				3716947627C5376D0002BD64 /* Browser.swift */,
				37145F2A2623CE460011C6C1 /* Configuration.swift */,
				37B979E626EC2057002B677F /* DataAccess.swift */,
				37B979EB26ED0B66002B677F /* Database.swift */,
				3716947927C539790002BD64 /* Navigate.swift */,
				372C0DC2265EE30E00DFB791 /* Toolbar.swift */,
				378EBD5026214A41008FF6C4 /* Types.swift */,
				3774A5A72624769F0029E35D /* User.swift */,
			);
			path = Common;
			sourceTree = "<group>";
		};
		3774A5D02624B53E0029E35D /* Users */ = {
			isa = PBXGroup;
			children = (
				37FE86EE2648CC7200E0B85F /* InfoControllers.swift */,
				37E55B4F26F2CD7E00207FFE /* Purchases.plist */,
				37E55B5126F2CDB700207FFE /* Purchases.swift */,
				37E10342279AF6CA0064C193 /* Preferences.swift */,
			);
			path = Users;
			sourceTree = "<group>";
		};
		379D479526264B05003DD2C6 /* Recipes */ = {
			isa = PBXGroup;
			children = (
				379D479726264D47003DD2C6 /* RecipeController.swift */,
				37E861E827D58EC90048B874 /* RecipeFilterController.swift */,
				379D479A26264D6E003DD2C6 /* RecipeListController.swift */,
			);
			path = Recipes;
			sourceTree = "<group>";
		};
		37B979B326C36B96002B677F /* Recipe */ = {
			isa = PBXGroup;
			children = (
				37E1034A279EE8FE0064C193 /* IngredientChangeController.swift */,
				37B979A22693DB0D002B677F /* RecipeDetailController.swift */,
				37B979AA269BB3C6002B677F /* RecipeDetailListController.swift */,
				37E861EA27D645F50048B874 /* RecipeDetailTagController.swift */,
			);
			path = Recipe;
			sourceTree = "<group>";
		};
		37E1033F2799CB7F0064C193 /* Add */ = {
			isa = PBXGroup;
			children = (
				37E103392794F6D80064C193 /* AddControllers.swift */,
				3724EFCE27A82F360094574E /* AddPhotoControllers.swift */,
				3774A5C82624B3E90029E35D /* AddLinkController.swift */,
				3724EFD827A8BDDE0094574E /* AddManualControllers.swift */,
			);
			path = Add;
			sourceTree = "<group>";
		};
		B9254777712D7CB58EFA53E5 /* Frameworks */ = {
			isa = PBXGroup;
			children = (
				37E55B4C26F2CD2D00207FFE /* StoreKit.framework */,
				37B979E926EC41D3002B677F /* CloudKit.framework */,
				3728B0972633AA240055D2E1 /* GoogleMobileAds.xcframework */,
				3D8E6C91D35B99778B838A8A /* Pods_mo_nomz.framework */,
			);
			name = Frameworks;
			sourceTree = "<group>";
		};
/* End PBXGroup section */

/* Begin PBXNativeTarget section */
		376095BB262125C00015B6F0 /* mo-nomz */ = {
			isa = PBXNativeTarget;
			buildConfigurationList = 376095D0262125C10015B6F0 /* Build configuration list for PBXNativeTarget "mo-nomz" */;
			buildPhases = (
				BF27B7982A16029CF6D64731 /* [CP] Check Pods Manifest.lock */,
				376095B8262125C00015B6F0 /* Sources */,
				376095B9262125C00015B6F0 /* Frameworks */,
				376095BA262125C00015B6F0 /* Resources */,
				37E1DBDD262FA1CE00330C5B /* Embed App Extensions */,
				ED9B4B628CAA4687CB682315 /* [CP] Embed Pods Frameworks */,
			);
			buildRules = (
			);
			dependencies = (
			);
			name = "mo-nomz";
			productName = "mo-nomz";
			productReference = 370F287626228726008C3AC0 /* mo-nomz.app */;
			productType = "com.apple.product-type.application";
		};
/* End PBXNativeTarget section */

/* Begin PBXProject section */
		376095B4262125C00015B6F0 /* Project object */ = {
			isa = PBXProject;
			attributes = {
				LastSwiftUpdateCheck = 1240;
				LastUpgradeCheck = 1240;
				TargetAttributes = {
					376095BB262125C00015B6F0 = {
						CreatedOnToolsVersion = 12.4;
					};
				};
			};
			buildConfigurationList = 376095B7262125C00015B6F0 /* Build configuration list for PBXProject "mo-nomz" */;
			compatibilityVersion = "Xcode 9.3";
			developmentRegion = en;
			hasScannedForEncodings = 0;
			knownRegions = (
				en,
				Base,
			);
			mainGroup = 376095B3262125C00015B6F0;
			productRefGroup = 376095B3262125C00015B6F0;
			projectDirPath = "";
			projectRoot = "";
			targets = (
				376095BB262125C00015B6F0 /* mo-nomz */,
			);
		};
/* End PBXProject section */

/* Begin PBXResourcesBuildPhase section */
		376095BA262125C00015B6F0 /* Resources */ = {
			isa = PBXResourcesBuildPhase;
			buildActionMask = 2147483647;
			files = (
				3774A5A12623EE430029E35D /* LaunchScreen.storyboard in Resources */,
				3728B0CD2635BCF00055D2E1 /* AddItems.storyboard in Resources */,
				376095C9262125C10015B6F0 /* Assets.xcassets in Resources */,
				37E55B5026F2CD7E00207FFE /* Purchases.plist in Resources */,
				376095C7262125C10015B6F0 /* Main.storyboard in Resources */,
			);
			runOnlyForDeploymentPostprocessing = 0;
		};
/* End PBXResourcesBuildPhase section */

/* Begin PBXShellScriptBuildPhase section */
		BF27B7982A16029CF6D64731 /* [CP] Check Pods Manifest.lock */ = {
			isa = PBXShellScriptBuildPhase;
			buildActionMask = 2147483647;
			files = (
			);
			inputFileListPaths = (
			);
			inputPaths = (
				"${PODS_PODFILE_DIR_PATH}/Podfile.lock",
				"${PODS_ROOT}/Manifest.lock",
			);
			name = "[CP] Check Pods Manifest.lock";
			outputFileListPaths = (
			);
			outputPaths = (
				"$(DERIVED_FILE_DIR)/Pods-mo-nomz-checkManifestLockResult.txt",
			);
			runOnlyForDeploymentPostprocessing = 0;
			shellPath = /bin/sh;
			shellScript = "diff \"${PODS_PODFILE_DIR_PATH}/Podfile.lock\" \"${PODS_ROOT}/Manifest.lock\" > /dev/null\nif [ $? != 0 ] ; then\n    # print error to STDERR\n    echo \"error: The sandbox is not in sync with the Podfile.lock. Run 'pod install' or update your CocoaPods installation.\" >&2\n    exit 1\nfi\n# This output is used by Xcode 'outputs' to avoid re-running this script phase.\necho \"SUCCESS\" > \"${SCRIPT_OUTPUT_FILE_0}\"\n";
			showEnvVarsInLog = 0;
		};
		ED9B4B628CAA4687CB682315 /* [CP] Embed Pods Frameworks */ = {
			isa = PBXShellScriptBuildPhase;
			buildActionMask = 2147483647;
			files = (
			);
			inputFileListPaths = (
				"${PODS_ROOT}/Target Support Files/Pods-mo-nomz/Pods-mo-nomz-frameworks-${CONFIGURATION}-input-files.xcfilelist",
			);
			name = "[CP] Embed Pods Frameworks";
			outputFileListPaths = (
				"${PODS_ROOT}/Target Support Files/Pods-mo-nomz/Pods-mo-nomz-frameworks-${CONFIGURATION}-output-files.xcfilelist",
			);
			runOnlyForDeploymentPostprocessing = 0;
			shellPath = /bin/sh;
			shellScript = "\"${PODS_ROOT}/Target Support Files/Pods-mo-nomz/Pods-mo-nomz-frameworks.sh\"\n";
			showEnvVarsInLog = 0;
		};
/* End PBXShellScriptBuildPhase section */

/* Begin PBXSourcesBuildPhase section */
		376095B8262125C00015B6F0 /* Sources */ = {
			isa = PBXSourcesBuildPhase;
			buildActionMask = 2147483647;
			files = (
				37B979E726EC2057002B677F /* DataAccess.swift in Sources */,
				3724EFCD27A6F8930094574E /* Search.swift in Sources */,
				3724EFEC27ACD0990094574E /* SimpleController.swift in Sources */,
				37AEE6382623D5710052304F /* Api.swift in Sources */,
				37B979AB269BB3C6002B677F /* RecipeDetailListController.swift in Sources */,
				3716947A27C539790002BD64 /* Navigate.swift in Sources */,
				378EBD5126214A41008FF6C4 /* Types.swift in Sources */,
				372C0DC3265EE30E00DFB791 /* Toolbar.swift in Sources */,
				37145F2B2623CE460011C6C1 /* Configuration.swift in Sources */,
				37E1033A2794F6D80064C193 /* AddControllers.swift in Sources */,
				372C0DBF265EDCD200DFB791 /* Button.swift in Sources */,
				3774A5A82624769F0029E35D /* User.swift in Sources */,
				37E861E927D58ECA0048B874 /* RecipeFilterController.swift in Sources */,
				37E1034D279EEE9D0064C193 /* GroceryChangeController.swift in Sources */,
				37B979F526EEB9FC002B677F /* String.swift in Sources */,
				378EBD5726214DFE008FF6C4 /* GroceryListController.swift in Sources */,
				37B979E426EC204B002B677F /* Model.xcdatamodeld in Sources */,
				376095D926212FBB0015B6F0 /* GroceryController.swift in Sources */,
				379D479B26264D6E003DD2C6 /* RecipeListController.swift in Sources */,
				37B979EC26ED0B66002B677F /* Database.swift in Sources */,
				37E861EB27D645F60048B874 /* RecipeDetailTagController.swift in Sources */,
				3724EFD927A8BDDE0094574E /* AddManualControllers.swift in Sources */,
				37E1034B279EE8FE0064C193 /* IngredientChangeController.swift in Sources */,
				3716947727C5376D0002BD64 /* Browser.swift in Sources */,
				3724EFFA27ACD7CE0094574E /* ViewController.swift in Sources */,
				376095C0262125C10015B6F0 /* AppDelegate.swift in Sources */,
				37E1DC1D2631B7C000330C5B /* UserDefaults.swift in Sources */,
				3716947C27C67E890002BD64 /* URL.swift in Sources */,
				37E10343279AF6CA0064C193 /* Preferences.swift in Sources */,
				376095C2262125C10015B6F0 /* SceneDelegate.swift in Sources */,
				372DDC40262B435400CA83A8 /* Keyboard.swift in Sources */,
				379D479826264D47003DD2C6 /* RecipeController.swift in Sources */,
				3724EFCF27A82F360094574E /* AddPhotoControllers.swift in Sources */,
				3724EFEE27ACD5A90094574E /* TableCells.swift in Sources */,
				3728B0A42633B40D0055D2E1 /* BannerController.swift in Sources */,
				37B979A32693DB0D002B677F /* RecipeDetailController.swift in Sources */,
				3774A5C92624B3E90029E35D /* AddLinkController.swift in Sources */,
				37E55B5226F2CDB700207FFE /* Purchases.swift in Sources */,
				37FE86EF2648CC7200E0B85F /* InfoControllers.swift in Sources */,
				3724EFF027ACD63F0094574E /* CollectionCells.swift in Sources */,
			);
			runOnlyForDeploymentPostprocessing = 0;
		};
/* End PBXSourcesBuildPhase section */

/* Begin PBXVariantGroup section */
		376095C5262125C10015B6F0 /* Main.storyboard */ = {
			isa = PBXVariantGroup;
			children = (
				376095C6262125C10015B6F0 /* Base */,
			);
			name = Main.storyboard;
			sourceTree = "<group>";
		};
		3774A59F2623EE430029E35D /* LaunchScreen.storyboard */ = {
			isa = PBXVariantGroup;
			children = (
				3774A5A02623EE430029E35D /* Base */,
			);
			name = LaunchScreen.storyboard;
			sourceTree = "<group>";
		};
/* End PBXVariantGroup section */

/* Begin XCBuildConfiguration section */
		376095CE262125C10015B6F0 /* Debug */ = {
			isa = XCBuildConfiguration;
			buildSettings = {
				ALWAYS_SEARCH_USER_PATHS = NO;
				CLANG_ANALYZER_NONNULL = YES;
				CLANG_ANALYZER_NUMBER_OBJECT_CONVERSION = YES_AGGRESSIVE;
				CLANG_CXX_LANGUAGE_STANDARD = "gnu++14";
				CLANG_CXX_LIBRARY = "libc++";
				CLANG_ENABLE_MODULES = YES;
				CLANG_ENABLE_OBJC_ARC = YES;
				CLANG_ENABLE_OBJC_WEAK = YES;
				CLANG_WARN_BLOCK_CAPTURE_AUTORELEASING = YES;
				CLANG_WARN_BOOL_CONVERSION = YES;
				CLANG_WARN_COMMA = YES;
				CLANG_WARN_CONSTANT_CONVERSION = YES;
				CLANG_WARN_DEPRECATED_OBJC_IMPLEMENTATIONS = YES;
				CLANG_WARN_DIRECT_OBJC_ISA_USAGE = YES_ERROR;
				CLANG_WARN_DOCUMENTATION_COMMENTS = YES;
				CLANG_WARN_EMPTY_BODY = YES;
				CLANG_WARN_ENUM_CONVERSION = YES;
				CLANG_WARN_INFINITE_RECURSION = YES;
				CLANG_WARN_INT_CONVERSION = YES;
				CLANG_WARN_NON_LITERAL_NULL_CONVERSION = YES;
				CLANG_WARN_OBJC_IMPLICIT_RETAIN_SELF = YES;
				CLANG_WARN_OBJC_LITERAL_CONVERSION = YES;
				CLANG_WARN_OBJC_ROOT_CLASS = YES_ERROR;
				CLANG_WARN_QUOTED_INCLUDE_IN_FRAMEWORK_HEADER = YES;
				CLANG_WARN_RANGE_LOOP_ANALYSIS = YES;
				CLANG_WARN_STRICT_PROTOTYPES = YES;
				CLANG_WARN_SUSPICIOUS_MOVE = YES;
				CLANG_WARN_UNGUARDED_AVAILABILITY = YES_AGGRESSIVE;
				CLANG_WARN_UNREACHABLE_CODE = YES;
				CLANG_WARN__DUPLICATE_METHOD_MATCH = YES;
				COPY_PHASE_STRIP = NO;
				DEBUG_INFORMATION_FORMAT = dwarf;
				ENABLE_STRICT_OBJC_MSGSEND = YES;
				ENABLE_TESTABILITY = YES;
				GCC_C_LANGUAGE_STANDARD = gnu11;
				GCC_DYNAMIC_NO_PIC = NO;
				GCC_NO_COMMON_BLOCKS = YES;
				GCC_OPTIMIZATION_LEVEL = 0;
				GCC_PREPROCESSOR_DEFINITIONS = "DEBUG=1";
				GCC_WARN_64_TO_32_BIT_CONVERSION = YES;
				GCC_WARN_ABOUT_RETURN_TYPE = YES_ERROR;
				GCC_WARN_UNDECLARED_SELECTOR = YES;
				GCC_WARN_UNINITIALIZED_AUTOS = YES_AGGRESSIVE;
				GCC_WARN_UNUSED_FUNCTION = YES;
				GCC_WARN_UNUSED_VARIABLE = YES;
				IPHONEOS_DEPLOYMENT_TARGET = 14.4;
				MTL_ENABLE_DEBUG_INFO = INCLUDE_SOURCE;
				MTL_FAST_MATH = YES;
				ONLY_ACTIVE_ARCH = YES;
				SDKROOT = iphoneos;
				SWIFT_ACTIVE_COMPILATION_CONDITIONS = DEBUG;
				SWIFT_OPTIMIZATION_LEVEL = "-Onone";
			};
			name = Debug;
		};
		376095CF262125C10015B6F0 /* Release */ = {
			isa = XCBuildConfiguration;
			buildSettings = {
				ALWAYS_SEARCH_USER_PATHS = NO;
				CLANG_ANALYZER_NONNULL = YES;
				CLANG_ANALYZER_NUMBER_OBJECT_CONVERSION = YES_AGGRESSIVE;
				CLANG_CXX_LANGUAGE_STANDARD = "gnu++14";
				CLANG_CXX_LIBRARY = "libc++";
				CLANG_ENABLE_MODULES = YES;
				CLANG_ENABLE_OBJC_ARC = YES;
				CLANG_ENABLE_OBJC_WEAK = YES;
				CLANG_WARN_BLOCK_CAPTURE_AUTORELEASING = YES;
				CLANG_WARN_BOOL_CONVERSION = YES;
				CLANG_WARN_COMMA = YES;
				CLANG_WARN_CONSTANT_CONVERSION = YES;
				CLANG_WARN_DEPRECATED_OBJC_IMPLEMENTATIONS = YES;
				CLANG_WARN_DIRECT_OBJC_ISA_USAGE = YES_ERROR;
				CLANG_WARN_DOCUMENTATION_COMMENTS = YES;
				CLANG_WARN_EMPTY_BODY = YES;
				CLANG_WARN_ENUM_CONVERSION = YES;
				CLANG_WARN_INFINITE_RECURSION = YES;
				CLANG_WARN_INT_CONVERSION = YES;
				CLANG_WARN_NON_LITERAL_NULL_CONVERSION = YES;
				CLANG_WARN_OBJC_IMPLICIT_RETAIN_SELF = YES;
				CLANG_WARN_OBJC_LITERAL_CONVERSION = YES;
				CLANG_WARN_OBJC_ROOT_CLASS = YES_ERROR;
				CLANG_WARN_QUOTED_INCLUDE_IN_FRAMEWORK_HEADER = YES;
				CLANG_WARN_RANGE_LOOP_ANALYSIS = YES;
				CLANG_WARN_STRICT_PROTOTYPES = YES;
				CLANG_WARN_SUSPICIOUS_MOVE = YES;
				CLANG_WARN_UNGUARDED_AVAILABILITY = YES_AGGRESSIVE;
				CLANG_WARN_UNREACHABLE_CODE = YES;
				CLANG_WARN__DUPLICATE_METHOD_MATCH = YES;
				COPY_PHASE_STRIP = NO;
				DEBUG_INFORMATION_FORMAT = "dwarf-with-dsym";
				ENABLE_NS_ASSERTIONS = NO;
				ENABLE_STRICT_OBJC_MSGSEND = YES;
				GCC_C_LANGUAGE_STANDARD = gnu11;
				GCC_NO_COMMON_BLOCKS = YES;
				GCC_WARN_64_TO_32_BIT_CONVERSION = YES;
				GCC_WARN_ABOUT_RETURN_TYPE = YES_ERROR;
				GCC_WARN_UNDECLARED_SELECTOR = YES;
				GCC_WARN_UNINITIALIZED_AUTOS = YES_AGGRESSIVE;
				GCC_WARN_UNUSED_FUNCTION = YES;
				GCC_WARN_UNUSED_VARIABLE = YES;
				IPHONEOS_DEPLOYMENT_TARGET = 14.4;
				MTL_ENABLE_DEBUG_INFO = NO;
				MTL_FAST_MATH = YES;
				SDKROOT = iphoneos;
				SWIFT_COMPILATION_MODE = wholemodule;
				SWIFT_OPTIMIZATION_LEVEL = "-O";
				VALIDATE_PRODUCT = YES;
			};
			name = Release;
		};
		376095D1262125C10015B6F0 /* Debug */ = {
			isa = XCBuildConfiguration;
			baseConfigurationReference = 8B42BB1752081B70021712E4 /* Pods-mo-nomz.debug.xcconfig */;
			buildSettings = {
				ALWAYS_EMBED_SWIFT_STANDARD_LIBRARIES = YES;
				ASSETCATALOG_COMPILER_APPICON_NAME = AppIcon;
				ASSETCATALOG_COMPILER_GLOBAL_ACCENT_COLOR_NAME = AccentColor;
				CODE_SIGN_ENTITLEMENTS = "mo-nomz/mo-nomzDebug.entitlements";
				CODE_SIGN_IDENTITY = "Apple Development";
				CODE_SIGN_STYLE = Automatic;
				CURRENT_PROJECT_VERSION = 4;
				DEVELOPMENT_TEAM = 5A6Y383S44;
				INFOPLIST_FILE = "mo-nomz/Info.plist";
				LD_RUNPATH_SEARCH_PATHS = (
					"$(inherited)",
					"@executable_path/Frameworks",
				);
				MARKETING_VERSION = 8.0;
				OTHER_LDFLAGS = (
					"$(inherited)",
					"-l\"c++\"",
					"-l\"sqlite3\"",
					"-l\"z\"",
					"-framework",
					"\"AVFoundation\"",
					"-framework",
					"\"AudioToolbox\"",
					"-framework",
					"\"CFNetwork\"",
					"-framework",
					"\"CoreGraphics\"",
					"-framework",
					"\"CoreMedia\"",
					"-framework",
					"\"CoreTelephony\"",
					"-framework",
					"\"CoreVideo\"",
					"-framework",
					"\"FBLPromises\"",
					"-framework",
					"\"GoogleAppMeasurement\"",
					"-framework",
					"\"GoogleMobileAds\"",
					"-framework",
					"\"GoogleUtilities\"",
					"-framework",
					"\"MediaPlayer\"",
					"-framework",
					"\"MessageUI\"",
					"-framework",
					"\"MobileCoreServices\"",
					"-framework",
					"\"QuartzCore\"",
					"-framework",
					"\"Security\"",
					"-framework",
					"\"StoreKit\"",
					"-framework",
					"\"SystemConfiguration\"",
					"-framework",
					"\"UserMessagingPlatform\"",
					"-framework",
					"\"WebKit\"",
					"-framework",
					"\"nanopb\"",
					"-weak_framework",
					"\"AdSupport\"",
					"-weak_framework",
					"\"JavaScriptCore\"",
					"-weak_framework",
					"\"SafariServices\"",
					"-weak_framework",
					"\"WebKit\"",
					"-ObjC",
				);
				PRODUCT_BUNDLE_IDENTIFIER = "mo-nomz.mo-nomz";
				PRODUCT_NAME = "$(TARGET_NAME)";
				PROVISIONING_PROFILE_SPECIFIER = "";
				SWIFT_VERSION = 5.0;
				TARGETED_DEVICE_FAMILY = "1,2";
			};
			name = Debug;
		};
		376095D2262125C10015B6F0 /* Release */ = {
			isa = XCBuildConfiguration;
			baseConfigurationReference = 9EA20680D1BFF2CC6FA28660 /* Pods-mo-nomz.release.xcconfig */;
			buildSettings = {
				ALWAYS_EMBED_SWIFT_STANDARD_LIBRARIES = YES;
				ASSETCATALOG_COMPILER_APPICON_NAME = AppIcon;
				ASSETCATALOG_COMPILER_GLOBAL_ACCENT_COLOR_NAME = AccentColor;
				CODE_SIGN_ENTITLEMENTS = "mo-nomz/mo-nomzRelease.entitlements";
				CODE_SIGN_IDENTITY = "Apple Development";
				CODE_SIGN_STYLE = Automatic;
				CURRENT_PROJECT_VERSION = 4;
				DEVELOPMENT_TEAM = 5A6Y383S44;
				INFOPLIST_FILE = "mo-nomz/Info.plist";
				LD_RUNPATH_SEARCH_PATHS = (
					"$(inherited)",
					"@executable_path/Frameworks",
				);
				MARKETING_VERSION = 8.0;
				OTHER_LDFLAGS = (
					"$(inherited)",
					"-l\"c++\"",
					"-l\"sqlite3\"",
					"-l\"z\"",
					"-framework",
					"\"AVFoundation\"",
					"-framework",
					"\"AudioToolbox\"",
					"-framework",
					"\"CFNetwork\"",
					"-framework",
					"\"CoreGraphics\"",
					"-framework",
					"\"CoreMedia\"",
					"-framework",
					"\"CoreTelephony\"",
					"-framework",
					"\"CoreVideo\"",
					"-framework",
					"\"FBLPromises\"",
					"-framework",
					"\"GoogleAppMeasurement\"",
					"-framework",
					"\"GoogleMobileAds\"",
					"-framework",
					"\"GoogleUtilities\"",
					"-framework",
					"\"MediaPlayer\"",
					"-framework",
					"\"MessageUI\"",
					"-framework",
					"\"MobileCoreServices\"",
					"-framework",
					"\"QuartzCore\"",
					"-framework",
					"\"Security\"",
					"-framework",
					"\"StoreKit\"",
					"-framework",
					"\"SystemConfiguration\"",
					"-framework",
					"\"UserMessagingPlatform\"",
					"-framework",
					"\"WebKit\"",
					"-framework",
					"\"nanopb\"",
					"-weak_framework",
					"\"AdSupport\"",
					"-weak_framework",
					"\"JavaScriptCore\"",
					"-weak_framework",
					"\"SafariServices\"",
					"-weak_framework",
					"\"WebKit\"",
					"-ObjC",
				);
				PRODUCT_BUNDLE_IDENTIFIER = "mo-nomz.mo-nomz";
				PRODUCT_NAME = "$(TARGET_NAME)";
				PROVISIONING_PROFILE_SPECIFIER = "";
				SWIFT_VERSION = 5.0;
				TARGETED_DEVICE_FAMILY = "1,2";
			};
			name = Release;
		};
/* End XCBuildConfiguration section */

/* Begin XCConfigurationList section */
		376095B7262125C00015B6F0 /* Build configuration list for PBXProject "mo-nomz" */ = {
			isa = XCConfigurationList;
			buildConfigurations = (
				376095CE262125C10015B6F0 /* Debug */,
				376095CF262125C10015B6F0 /* Release */,
			);
			defaultConfigurationIsVisible = 0;
			defaultConfigurationName = Release;
		};
		376095D0262125C10015B6F0 /* Build configuration list for PBXNativeTarget "mo-nomz" */ = {
			isa = XCConfigurationList;
			buildConfigurations = (
				376095D1262125C10015B6F0 /* Debug */,
				376095D2262125C10015B6F0 /* Release */,
			);
			defaultConfigurationIsVisible = 0;
			defaultConfigurationName = Release;
		};
/* End XCConfigurationList section */

/* Begin XCVersionGroup section */
		37B979E226EC204B002B677F /* Model.xcdatamodeld */ = {
			isa = XCVersionGroup;
			children = (
				37B979E326EC204B002B677F /* Model.xcdatamodel */,
			);
			currentVersion = 37B979E326EC204B002B677F /* Model.xcdatamodel */;
			path = Model.xcdatamodeld;
			sourceTree = "<group>";
			versionGroupType = wrapper.xcdatamodel;
		};
/* End XCVersionGroup section */
	};
	rootObject = 376095B4262125C00015B6F0 /* Project object */;
}
